
Microsoft Visual Studio Solution File, Format Version 12.00
Project("{FAE04EC0-301F-11D3-BF4B-00C04F79EFBC}") = "CookbookApi", "CookbookApi\CookbookApi.csproj", "{55DECE7D-3A5D-40C7-A5C2-4D7EAA52A33C}"
EndProject
Project("{FAE04EC0-301F-11D3-BF4B-00C04F79EFBC}") = "Cookbook", "Cookbook\Cookbook.csproj", "{06824B51-C07A-4B85-BE7B-1686579D546D}"
EndProject
Project("{2150E333-8FDC-42A3-9474-1A3956D46DE8}") = "Models", "Models", "{9F8D81E8-839A-4B87-BF2B-543D4F38EBF2}"
EndProject
Project("{FAE04EC0-301F-11D3-BF4B-00C04F79EFBC}") = "Models.Database", "Models.Database\Models.Database.csproj", "{3D399DA2-9B7E-4C53-9F63-230D94AE30A5}"
EndProject
Project("{FAE04EC0-301F-11D3-BF4B-00C04F79EFBC}") = "Models.Blank", "Models.Blank\Models.Blank.csproj", "{DBA4E276-3E74-43A8-A91F-41ECBDB71F45}"
EndProject
Project("{FAE04EC0-301F-11D3-BF4B-00C04F79EFBC}") = "Models.Domain", "Models.Domain\Models.Domain.csproj", "{F79B0B16-2F42-4970-B4CC-9FDBB7B81C24}"
EndProject
Project("{2150E333-8FDC-42A3-9474-1A3956D46DE8}") = "Backend", "Backend", "{3ECBCF83-376E-4C84-BF5B-6E684F65C0EE}"
EndProject
Project("{2150E333-8FDC-42A3-9474-1A3956D46DE8}") = "Models.Builders", "Models.Builders", "{501BC13E-E8AB-46D8-88F1-88A7DF4F33F2}"
EndProject
Project("{FAE04EC0-301F-11D3-BF4B-00C04F79EFBC}") = "Models.Builders.BlankBuilder", "Models.Builders.BlankBuilder\Models.Builders.BlankBuilder.csproj", "{5FEB73A3-EC7A-4156-BAAA-27AC8018649E}"
EndProject
Project("{FAE04EC0-301F-11D3-BF4B-00C04F79EFBC}") = "Models.Builders.DomainBuilder", "Models.Builders.DomainBuilder\Models.Builders.DomainBuilder.csproj", "{3AD09677-F1C9-4768-8601-32A6AF45C82D}"
EndProject
Project("{FAE04EC0-301F-11D3-BF4B-00C04F79EFBC}") = "Models.Builders.DatabaseBuilder", "Models.Builders.DatabaseBuilder\Models.Builders.DatabaseBuilder.csproj", "{8386DF17-984F-481C-ACF1-3A05F5EA1312}"
EndProject
Project("{2150E333-8FDC-42A3-9474-1A3956D46DE8}") = "UIExtensions", "UIExtensions", "{3CCEFDEF-F051-4244-9526-2C5ABEA1880B}"
EndProject
Global
	GlobalSection(SolutionConfigurationPlatforms) = preSolution
		Debug|Any CPU = Debug|Any CPU
		Release|Any CPU = Release|Any CPU
	EndGlobalSection
	GlobalSection(ProjectConfigurationPlatforms) = postSolution
		{55DECE7D-3A5D-40C7-A5C2-4D7EAA52A33C}.Debug|Any CPU.ActiveCfg = Debug|Any CPU
		{55DECE7D-3A5D-40C7-A5C2-4D7EAA52A33C}.Debug|Any CPU.Build.0 = Debug|Any CPU
		{55DECE7D-3A5D-40C7-A5C2-4D7EAA52A33C}.Release|Any CPU.ActiveCfg = Release|Any CPU
		{55DECE7D-3A5D-40C7-A5C2-4D7EAA52A33C}.Release|Any CPU.Build.0 = Release|Any CPU
		{06824B51-C07A-4B85-BE7B-1686579D546D}.Debug|Any CPU.ActiveCfg = Debug|Any CPU
		{06824B51-C07A-4B85-BE7B-1686579D546D}.Debug|Any CPU.Build.0 = Debug|Any CPU
		{06824B51-C07A-4B85-BE7B-1686579D546D}.Release|Any CPU.ActiveCfg = Release|Any CPU
		{06824B51-C07A-4B85-BE7B-1686579D546D}.Release|Any CPU.Build.0 = Release|Any CPU
		{3D399DA2-9B7E-4C53-9F63-230D94AE30A5}.Debug|Any CPU.ActiveCfg = Debug|Any CPU
		{3D399DA2-9B7E-4C53-9F63-230D94AE30A5}.Debug|Any CPU.Build.0 = Debug|Any CPU
		{3D399DA2-9B7E-4C53-9F63-230D94AE30A5}.Release|Any CPU.ActiveCfg = Release|Any CPU
		{3D399DA2-9B7E-4C53-9F63-230D94AE30A5}.Release|Any CPU.Build.0 = Release|Any CPU
		{DBA4E276-3E74-43A8-A91F-41ECBDB71F45}.Debug|Any CPU.ActiveCfg = Debug|Any CPU
		{DBA4E276-3E74-43A8-A91F-41ECBDB71F45}.Debug|Any CPU.Build.0 = Debug|Any CPU
		{DBA4E276-3E74-43A8-A91F-41ECBDB71F45}.Release|Any CPU.ActiveCfg = Release|Any CPU
		{DBA4E276-3E74-43A8-A91F-41ECBDB71F45}.Release|Any CPU.Build.0 = Release|Any CPU
		{F79B0B16-2F42-4970-B4CC-9FDBB7B81C24}.Debug|Any CPU.ActiveCfg = Debug|Any CPU
		{F79B0B16-2F42-4970-B4CC-9FDBB7B81C24}.Debug|Any CPU.Build.0 = Debug|Any CPU
		{F79B0B16-2F42-4970-B4CC-9FDBB7B81C24}.Release|Any CPU.ActiveCfg = Release|Any CPU
		{F79B0B16-2F42-4970-B4CC-9FDBB7B81C24}.Release|Any CPU.Build.0 = Release|Any CPU
		{5FEB73A3-EC7A-4156-BAAA-27AC8018649E}.Debug|Any CPU.ActiveCfg = Debug|Any CPU
		{5FEB73A3-EC7A-4156-BAAA-27AC8018649E}.Debug|Any CPU.Build.0 = Debug|Any CPU
		{5FEB73A3-EC7A-4156-BAAA-27AC8018649E}.Release|Any CPU.ActiveCfg = Release|Any CPU
		{5FEB73A3-EC7A-4156-BAAA-27AC8018649E}.Release|Any CPU.Build.0 = Release|Any CPU
		{3AD09677-F1C9-4768-8601-32A6AF45C82D}.Debug|Any CPU.ActiveCfg = Debug|Any CPU
		{3AD09677-F1C9-4768-8601-32A6AF45C82D}.Debug|Any CPU.Build.0 = Debug|Any CPU
		{3AD09677-F1C9-4768-8601-32A6AF45C82D}.Release|Any CPU.ActiveCfg = Release|Any CPU
		{3AD09677-F1C9-4768-8601-32A6AF45C82D}.Release|Any CPU.Build.0 = Release|Any CPU
		{8386DF17-984F-481C-ACF1-3A05F5EA1312}.Debug|Any CPU.ActiveCfg = Debug|Any CPU
		{8386DF17-984F-481C-ACF1-3A05F5EA1312}.Debug|Any CPU.Build.0 = Debug|Any CPU
		{8386DF17-984F-481C-ACF1-3A05F5EA1312}.Release|Any CPU.ActiveCfg = Release|Any CPU
		{8386DF17-984F-481C-ACF1-3A05F5EA1312}.Release|Any CPU.Build.0 = Release|Any CPU
	EndGlobalSection
	GlobalSection(NestedProjects) = preSolution
		{3D399DA2-9B7E-4C53-9F63-230D94AE30A5} = {9F8D81E8-839A-4B87-BF2B-543D4F38EBF2}
		{DBA4E276-3E74-43A8-A91F-41ECBDB71F45} = {9F8D81E8-839A-4B87-BF2B-543D4F38EBF2}
		{F79B0B16-2F42-4970-B4CC-9FDBB7B81C24} = {9F8D81E8-839A-4B87-BF2B-543D4F38EBF2}
		{55DECE7D-3A5D-40C7-A5C2-4D7EAA52A33C} = {3ECBCF83-376E-4C84-BF5B-6E684F65C0EE}
		{501BC13E-E8AB-46D8-88F1-88A7DF4F33F2} = {9F8D81E8-839A-4B87-BF2B-543D4F38EBF2}
		{5FEB73A3-EC7A-4156-BAAA-27AC8018649E} = {501BC13E-E8AB-46D8-88F1-88A7DF4F33F2}
		{3AD09677-F1C9-4768-8601-32A6AF45C82D} = {501BC13E-E8AB-46D8-88F1-88A7DF4F33F2}
		{8386DF17-984F-481C-ACF1-3A05F5EA1312} = {501BC13E-E8AB-46D8-88F1-88A7DF4F33F2}
	EndGlobalSection
EndGlobal
