
Microsoft Visual Studio Solution File, Format Version 12.00
Project("{FAE04EC0-301F-11D3-BF4B-00C04F79EFBC}") = "CookbookApi", "CookbookApi\CookbookApi.csproj", "{55DECE7D-3A5D-40C7-A5C2-4D7EAA52A33C}"
EndProject
Project("{FAE04EC0-301F-11D3-BF4B-00C04F79EFBC}") = "Cookbook", "Cookbook\Cookbook.csproj", "{06824B51-C07A-4B85-BE7B-1686579D546D}"
EndProject
Project("{2150E333-8FDC-42A3-9474-1A3956D46DE8}") = "Models", "Models", "{4AB1E002-A54D-41D8-AC5D-5B86E0B9BC42}"
EndProject
Project("{FAE04EC0-301F-11D3-BF4B-00C04F79EFBC}") = "Domain", "Domain\Domain.csproj", "{C3429CC0-6F39-4484-B1FA-4E4F80017983}"
EndProject
Project("{FAE04EC0-301F-11D3-BF4B-00C04F79EFBC}") = "Blank", "Blank\Blank.csproj", "{563797D0-7437-4A25-BA84-807C07C069C6}"
EndProject
Project("{FAE04EC0-301F-11D3-BF4B-00C04F79EFBC}") = "Database", "Database\Database.csproj", "{1AB59E6B-2CFF-4B9F-BAEA-07DA08468E57}"
EndProject
Project("{FAE04EC0-301F-11D3-BF4B-00C04F79EFBC}") = "Builders", "Builders\Builders.csproj", "{DF3D0B89-A13C-4EC1-9A9F-41FB486236AF}"
EndProject
Global
	GlobalSection(SolutionConfigurationPlatforms) = preSolution
		Debug|Any CPU = Debug|Any CPU
		Release|Any CPU = Release|Any CPU
	EndGlobalSection
	GlobalSection(ProjectConfigurationPlatforms) = postSolution
		{55DECE7D-3A5D-40C7-A5C2-4D7EAA52A33C}.Debug|Any CPU.ActiveCfg = Debug|Any CPU
		{55DECE7D-3A5D-40C7-A5C2-4D7EAA52A33C}.Debug|Any CPU.Build.0 = Debug|Any CPU
		{55DECE7D-3A5D-40C7-A5C2-4D7EAA52A33C}.Release|Any CPU.ActiveCfg = Release|Any CPU
		{55DECE7D-3A5D-40C7-A5C2-4D7EAA52A33C}.Release|Any CPU.Build.0 = Release|Any CPU
		{06824B51-C07A-4B85-BE7B-1686579D546D}.Debug|Any CPU.ActiveCfg = Debug|Any CPU
		{06824B51-C07A-4B85-BE7B-1686579D546D}.Debug|Any CPU.Build.0 = Debug|Any CPU
		{06824B51-C07A-4B85-BE7B-1686579D546D}.Release|Any CPU.ActiveCfg = Release|Any CPU
		{06824B51-C07A-4B85-BE7B-1686579D546D}.Release|Any CPU.Build.0 = Release|Any CPU
		{C3429CC0-6F39-4484-B1FA-4E4F80017983}.Debug|Any CPU.ActiveCfg = Debug|Any CPU
		{C3429CC0-6F39-4484-B1FA-4E4F80017983}.Debug|Any CPU.Build.0 = Debug|Any CPU
		{C3429CC0-6F39-4484-B1FA-4E4F80017983}.Release|Any CPU.ActiveCfg = Release|Any CPU
		{C3429CC0-6F39-4484-B1FA-4E4F80017983}.Release|Any CPU.Build.0 = Release|Any CPU
		{563797D0-7437-4A25-BA84-807C07C069C6}.Debug|Any CPU.ActiveCfg = Debug|Any CPU
		{563797D0-7437-4A25-BA84-807C07C069C6}.Debug|Any CPU.Build.0 = Debug|Any CPU
		{563797D0-7437-4A25-BA84-807C07C069C6}.Release|Any CPU.ActiveCfg = Release|Any CPU
		{563797D0-7437-4A25-BA84-807C07C069C6}.Release|Any CPU.Build.0 = Release|Any CPU
		{1AB59E6B-2CFF-4B9F-BAEA-07DA08468E57}.Debug|Any CPU.ActiveCfg = Debug|Any CPU
		{1AB59E6B-2CFF-4B9F-BAEA-07DA08468E57}.Debug|Any CPU.Build.0 = Debug|Any CPU
		{1AB59E6B-2CFF-4B9F-BAEA-07DA08468E57}.Release|Any CPU.ActiveCfg = Release|Any CPU
		{1AB59E6B-2CFF-4B9F-BAEA-07DA08468E57}.Release|Any CPU.Build.0 = Release|Any CPU
		{DF3D0B89-A13C-4EC1-9A9F-41FB486236AF}.Debug|Any CPU.ActiveCfg = Debug|Any CPU
		{DF3D0B89-A13C-4EC1-9A9F-41FB486236AF}.Debug|Any CPU.Build.0 = Debug|Any CPU
		{DF3D0B89-A13C-4EC1-9A9F-41FB486236AF}.Release|Any CPU.ActiveCfg = Release|Any CPU
		{DF3D0B89-A13C-4EC1-9A9F-41FB486236AF}.Release|Any CPU.Build.0 = Release|Any CPU
	EndGlobalSection
	GlobalSection(NestedProjects) = preSolution
		{C3429CC0-6F39-4484-B1FA-4E4F80017983} = {4AB1E002-A54D-41D8-AC5D-5B86E0B9BC42}
		{563797D0-7437-4A25-BA84-807C07C069C6} = {4AB1E002-A54D-41D8-AC5D-5B86E0B9BC42}
		{1AB59E6B-2CFF-4B9F-BAEA-07DA08468E57} = {4AB1E002-A54D-41D8-AC5D-5B86E0B9BC42}
		{DF3D0B89-A13C-4EC1-9A9F-41FB486236AF} = {4AB1E002-A54D-41D8-AC5D-5B86E0B9BC42}
	EndGlobalSection
EndGlobal
